
Microsoft Visual Studio Solution File, Format Version 12.00
# Visual Studio 15
VisualStudioVersion = 15.0.27130.2036
MinimumVisualStudioVersion = 10.0.40219.1
Project("{FAE04EC0-301F-11D3-BF4B-00C04F79EFBC}") = "DeutschJozsaAlgorithm", "DeutschJozsaAlgorithm.csproj", "{2A17B028-A29B-4D54-AF9B-7AE28EBC117D}"
EndProject
Global
	GlobalSection(SolutionConfigurationPlatforms) = preSolution
		Debug|Any CPU = Debug|Any CPU
		Release|Any CPU = Release|Any CPU
	EndGlobalSection
	GlobalSection(ProjectConfigurationPlatforms) = postSolution
		{2A17B028-A29B-4D54-AF9B-7AE28EBC117D}.Debug|Any CPU.ActiveCfg = Debug|Any CPU
		{2A17B028-A29B-4D54-AF9B-7AE28EBC117D}.Debug|Any CPU.Build.0 = Debug|Any CPU
		{2A17B028-A29B-4D54-AF9B-7AE28EBC117D}.Release|Any CPU.ActiveCfg = Release|Any CPU
		{2A17B028-A29B-4D54-AF9B-7AE28EBC117D}.Release|Any CPU.Build.0 = Release|Any CPU
	EndGlobalSection
	GlobalSection(SolutionProperties) = preSolution
		HideSolutionNode = FALSE
	EndGlobalSection
	GlobalSection(ExtensibilityGlobals) = postSolution
		SolutionGuid = {AF2CE740-7B56-478E-B3C7-60A2D0149EA8}
	EndGlobalSection
EndGlobal
